// !$*UTF8*$!
{
	archiveVersion = 1;
	classes = {
	};
	objectVersion = 55;
	objects = {

/* Begin PBXBuildFile section */
		0C2A468527FC982200E18E29 /* three_six_five_daysApp.swift in Sources */ = {isa = PBXBuildFile; fileRef = 0C2A468427FC982200E18E29 /* three_six_five_daysApp.swift */; };
		0C2A468727FC982200E18E29 /* ContentView.swift in Sources */ = {isa = PBXBuildFile; fileRef = 0C2A468627FC982200E18E29 /* ContentView.swift */; };
		0C2A468927FC982300E18E29 /* Assets.xcassets in Resources */ = {isa = PBXBuildFile; fileRef = 0C2A468827FC982300E18E29 /* Assets.xcassets */; };
		0C2A468C27FC982300E18E29 /* Preview Assets.xcassets in Resources */ = {isa = PBXBuildFile; fileRef = 0C2A468B27FC982300E18E29 /* Preview Assets.xcassets */; };
		0C2A469827FCAF4300E18E29 /* DotsView.swift in Sources */ = {isa = PBXBuildFile; fileRef = 0C2A469727FCAF4300E18E29 /* DotsView.swift */; };
		0C2A469B27FCAFF800E18E29 /* Date+Helpers.swift in Sources */ = {isa = PBXBuildFile; fileRef = 0C2A469A27FCAFF800E18E29 /* Date+Helpers.swift */; };
		0C2A469D27FCB65700E18E29 /* Int+Formatting.swift in Sources */ = {isa = PBXBuildFile; fileRef = 0C2A469C27FCB65700E18E29 /* Int+Formatting.swift */; };
		0C2A46A127FCBD4B00E18E29 /* DotView.swift in Sources */ = {isa = PBXBuildFile; fileRef = 0C2A46A027FCBD4B00E18E29 /* DotView.swift */; };
		0C2A46A427FCC09F00E18E29 /* CounterMode.swift in Sources */ = {isa = PBXBuildFile; fileRef = 0C2A46A327FCC09F00E18E29 /* CounterMode.swift */; };
/* End PBXBuildFile section */

/* Begin PBXFileReference section */
		0C2A468127FC982200E18E29 /* three-six-five-days.app */ = {isa = PBXFileReference; explicitFileType = wrapper.application; includeInIndex = 0; path = "three-six-five-days.app"; sourceTree = BUILT_PRODUCTS_DIR; };
		0C2A468427FC982200E18E29 /* three_six_five_daysApp.swift */ = {isa = PBXFileReference; lastKnownFileType = sourcecode.swift; path = three_six_five_daysApp.swift; sourceTree = "<group>"; };
		0C2A468627FC982200E18E29 /* ContentView.swift */ = {isa = PBXFileReference; lastKnownFileType = sourcecode.swift; path = ContentView.swift; sourceTree = "<group>"; };
		0C2A468827FC982300E18E29 /* Assets.xcassets */ = {isa = PBXFileReference; lastKnownFileType = folder.assetcatalog; path = Assets.xcassets; sourceTree = "<group>"; };
		0C2A468B27FC982300E18E29 /* Preview Assets.xcassets */ = {isa = PBXFileReference; lastKnownFileType = folder.assetcatalog; path = "Preview Assets.xcassets"; sourceTree = "<group>"; };
		0C2A469727FCAF4300E18E29 /* DotsView.swift */ = {isa = PBXFileReference; lastKnownFileType = sourcecode.swift; path = DotsView.swift; sourceTree = "<group>"; };
		0C2A469A27FCAFF800E18E29 /* Date+Helpers.swift */ = {isa = PBXFileReference; lastKnownFileType = sourcecode.swift; path = "Date+Helpers.swift"; sourceTree = "<group>"; };
		0C2A469C27FCB65700E18E29 /* Int+Formatting.swift */ = {isa = PBXFileReference; lastKnownFileType = sourcecode.swift; path = "Int+Formatting.swift"; sourceTree = "<group>"; };
		0C2A46A027FCBD4B00E18E29 /* DotView.swift */ = {isa = PBXFileReference; lastKnownFileType = sourcecode.swift; path = DotView.swift; sourceTree = "<group>"; };
		0C2A46A327FCC09F00E18E29 /* CounterMode.swift */ = {isa = PBXFileReference; lastKnownFileType = sourcecode.swift; path = CounterMode.swift; sourceTree = "<group>"; };
/* End PBXFileReference section */

/* Begin PBXFrameworksBuildPhase section */
		0C2A467E27FC982200E18E29 /* Frameworks */ = {
			isa = PBXFrameworksBuildPhase;
			buildActionMask = 2147483647;
			files = (
			);
			runOnlyForDeploymentPostprocessing = 0;
		};
/* End PBXFrameworksBuildPhase section */

/* Begin PBXGroup section */
		0C2A467827FC982200E18E29 = {
			isa = PBXGroup;
			children = (
				0C2A468327FC982200E18E29 /* three-six-five-days */,
				0C2A468227FC982200E18E29 /* Products */,
			);
			sourceTree = "<group>";
		};
		0C2A468227FC982200E18E29 /* Products */ = {
			isa = PBXGroup;
			children = (
				0C2A468127FC982200E18E29 /* three-six-five-days.app */,
			);
			name = Products;
			sourceTree = "<group>";
		};
		0C2A468327FC982200E18E29 /* three-six-five-days */ = {
			isa = PBXGroup;
			children = (
				0C2A468427FC982200E18E29 /* three_six_five_daysApp.swift */,
				0C2A468627FC982200E18E29 /* ContentView.swift */,
				0C2A46A227FCC09500E18E29 /* Models */,
				0C2A469227FC987C00E18E29 /* Views */,
				0C2A469927FCAFED00E18E29 /* Extensions */,
				0C2A468827FC982300E18E29 /* Assets.xcassets */,
				0C2A468A27FC982300E18E29 /* Preview Content */,
			);
			path = "three-six-five-days";
			sourceTree = "<group>";
		};
		0C2A468A27FC982300E18E29 /* Preview Content */ = {
			isa = PBXGroup;
			children = (
				0C2A468B27FC982300E18E29 /* Preview Assets.xcassets */,
			);
			path = "Preview Content";
			sourceTree = "<group>";
		};
		0C2A469227FC987C00E18E29 /* Views */ = {
			isa = PBXGroup;
			children = (
				0C2A469727FCAF4300E18E29 /* DotsView.swift */,
				0C2A46A027FCBD4B00E18E29 /* DotView.swift */,
			);
			path = Views;
			sourceTree = "<group>";
		};
		0C2A469927FCAFED00E18E29 /* Extensions */ = {
			isa = PBXGroup;
			children = (
				0C2A469A27FCAFF800E18E29 /* Date+Helpers.swift */,
				0C2A469C27FCB65700E18E29 /* Int+Formatting.swift */,
			);
			path = Extensions;
			sourceTree = "<group>";
		};
		0C2A46A227FCC09500E18E29 /* Models */ = {
			isa = PBXGroup;
			children = (
				0C2A46A327FCC09F00E18E29 /* CounterMode.swift */,
			);
			path = Models;
			sourceTree = "<group>";
		};
/* End PBXGroup section */

/* Begin PBXNativeTarget section */
		0C2A468027FC982200E18E29 /* three-six-five-days */ = {
			isa = PBXNativeTarget;
			buildConfigurationList = 0C2A468F27FC982300E18E29 /* Build configuration list for PBXNativeTarget "three-six-five-days" */;
			buildPhases = (
				0C2A467D27FC982200E18E29 /* Sources */,
				0C2A467E27FC982200E18E29 /* Frameworks */,
				0C2A467F27FC982200E18E29 /* Resources */,
			);
			buildRules = (
			);
			dependencies = (
			);
			name = "three-six-five-days";
			productName = "three-six-five-days";
			productReference = 0C2A468127FC982200E18E29 /* three-six-five-days.app */;
			productType = "com.apple.product-type.application";
		};
/* End PBXNativeTarget section */

/* Begin PBXProject section */
		0C2A467927FC982200E18E29 /* Project object */ = {
			isa = PBXProject;
			attributes = {
				BuildIndependentTargetsInParallel = 1;
				LastSwiftUpdateCheck = 1330;
				LastUpgradeCheck = 1330;
				TargetAttributes = {
					0C2A468027FC982200E18E29 = {
						CreatedOnToolsVersion = 13.3;
					};
				};
			};
			buildConfigurationList = 0C2A467C27FC982200E18E29 /* Build configuration list for PBXProject "three-six-five-days" */;
			compatibilityVersion = "Xcode 13.0";
			developmentRegion = en;
			hasScannedForEncodings = 0;
			knownRegions = (
				en,
				Base,
			);
			mainGroup = 0C2A467827FC982200E18E29;
			productRefGroup = 0C2A468227FC982200E18E29 /* Products */;
			projectDirPath = "";
			projectRoot = "";
			targets = (
				0C2A468027FC982200E18E29 /* three-six-five-days */,
			);
		};
/* End PBXProject section */

/* Begin PBXResourcesBuildPhase section */
		0C2A467F27FC982200E18E29 /* Resources */ = {
			isa = PBXResourcesBuildPhase;
			buildActionMask = 2147483647;
			files = (
				0C2A468C27FC982300E18E29 /* Preview Assets.xcassets in Resources */,
				0C2A468927FC982300E18E29 /* Assets.xcassets in Resources */,
			);
			runOnlyForDeploymentPostprocessing = 0;
		};
/* End PBXResourcesBuildPhase section */

/* Begin PBXSourcesBuildPhase section */
		0C2A467D27FC982200E18E29 /* Sources */ = {
			isa = PBXSourcesBuildPhase;
			buildActionMask = 2147483647;
			files = (
				0C2A469D27FCB65700E18E29 /* Int+Formatting.swift in Sources */,
				0C2A46A127FCBD4B00E18E29 /* DotView.swift in Sources */,
				0C2A468727FC982200E18E29 /* ContentView.swift in Sources */,
				0C2A46A427FCC09F00E18E29 /* CounterMode.swift in Sources */,
				0C2A469827FCAF4300E18E29 /* DotsView.swift in Sources */,
				0C2A468527FC982200E18E29 /* three_six_five_daysApp.swift in Sources */,
				0C2A469B27FCAFF800E18E29 /* Date+Helpers.swift in Sources */,
			);
			runOnlyForDeploymentPostprocessing = 0;
		};
/* End PBXSourcesBuildPhase section */

/* Begin XCBuildConfiguration section */
		0C2A468D27FC982300E18E29 /* Debug */ = {
			isa = XCBuildConfiguration;
			buildSettings = {
				ALWAYS_SEARCH_USER_PATHS = NO;
				CLANG_ANALYZER_NONNULL = YES;
				CLANG_ANALYZER_NUMBER_OBJECT_CONVERSION = YES_AGGRESSIVE;
				CLANG_CXX_LANGUAGE_STANDARD = "gnu++17";
				CLANG_ENABLE_MODULES = YES;
				CLANG_ENABLE_OBJC_ARC = YES;
				CLANG_ENABLE_OBJC_WEAK = YES;
				CLANG_WARN_BLOCK_CAPTURE_AUTORELEASING = YES;
				CLANG_WARN_BOOL_CONVERSION = YES;
				CLANG_WARN_COMMA = YES;
				CLANG_WARN_CONSTANT_CONVERSION = YES;
				CLANG_WARN_DEPRECATED_OBJC_IMPLEMENTATIONS = YES;
				CLANG_WARN_DIRECT_OBJC_ISA_USAGE = YES_ERROR;
				CLANG_WARN_DOCUMENTATION_COMMENTS = YES;
				CLANG_WARN_EMPTY_BODY = YES;
				CLANG_WARN_ENUM_CONVERSION = YES;
				CLANG_WARN_INFINITE_RECURSION = YES;
				CLANG_WARN_INT_CONVERSION = YES;
				CLANG_WARN_NON_LITERAL_NULL_CONVERSION = YES;
				CLANG_WARN_OBJC_IMPLICIT_RETAIN_SELF = YES;
				CLANG_WARN_OBJC_LITERAL_CONVERSION = YES;
				CLANG_WARN_OBJC_ROOT_CLASS = YES_ERROR;
				CLANG_WARN_QUOTED_INCLUDE_IN_FRAMEWORK_HEADER = YES;
				CLANG_WARN_RANGE_LOOP_ANALYSIS = YES;
				CLANG_WARN_STRICT_PROTOTYPES = YES;
				CLANG_WARN_SUSPICIOUS_MOVE = YES;
				CLANG_WARN_UNGUARDED_AVAILABILITY = YES_AGGRESSIVE;
				CLANG_WARN_UNREACHABLE_CODE = YES;
				CLANG_WARN__DUPLICATE_METHOD_MATCH = YES;
				COPY_PHASE_STRIP = NO;
				DEBUG_INFORMATION_FORMAT = dwarf;
				ENABLE_STRICT_OBJC_MSGSEND = YES;
				ENABLE_TESTABILITY = YES;
				GCC_C_LANGUAGE_STANDARD = gnu11;
				GCC_DYNAMIC_NO_PIC = NO;
				GCC_NO_COMMON_BLOCKS = YES;
				GCC_OPTIMIZATION_LEVEL = 0;
				GCC_PREPROCESSOR_DEFINITIONS = (
					"DEBUG=1",
					"$(inherited)",
				);
				GCC_WARN_64_TO_32_BIT_CONVERSION = YES;
				GCC_WARN_ABOUT_RETURN_TYPE = YES_ERROR;
				GCC_WARN_UNDECLARED_SELECTOR = YES;
				GCC_WARN_UNINITIALIZED_AUTOS = YES_AGGRESSIVE;
				GCC_WARN_UNUSED_FUNCTION = YES;
				GCC_WARN_UNUSED_VARIABLE = YES;
				IPHONEOS_DEPLOYMENT_TARGET = 15.4;
				MTL_ENABLE_DEBUG_INFO = INCLUDE_SOURCE;
				MTL_FAST_MATH = YES;
				ONLY_ACTIVE_ARCH = YES;
				SDKROOT = iphoneos;
				SWIFT_ACTIVE_COMPILATION_CONDITIONS = DEBUG;
				SWIFT_OPTIMIZATION_LEVEL = "-Onone";
			};
			name = Debug;
		};
		0C2A468E27FC982300E18E29 /* Release */ = {
			isa = XCBuildConfiguration;
			buildSettings = {
				ALWAYS_SEARCH_USER_PATHS = NO;
				CLANG_ANALYZER_NONNULL = YES;
				CLANG_ANALYZER_NUMBER_OBJECT_CONVERSION = YES_AGGRESSIVE;
				CLANG_CXX_LANGUAGE_STANDARD = "gnu++17";
				CLANG_ENABLE_MODULES = YES;
				CLANG_ENABLE_OBJC_ARC = YES;
				CLANG_ENABLE_OBJC_WEAK = YES;
				CLANG_WARN_BLOCK_CAPTURE_AUTORELEASING = YES;
				CLANG_WARN_BOOL_CONVERSION = YES;
				CLANG_WARN_COMMA = YES;
				CLANG_WARN_CONSTANT_CONVERSION = YES;
				CLANG_WARN_DEPRECATED_OBJC_IMPLEMENTATIONS = YES;
				CLANG_WARN_DIRECT_OBJC_ISA_USAGE = YES_ERROR;
				CLANG_WARN_DOCUMENTATION_COMMENTS = YES;
				CLANG_WARN_EMPTY_BODY = YES;
				CLANG_WARN_ENUM_CONVERSION = YES;
				CLANG_WARN_INFINITE_RECURSION = YES;
				CLANG_WARN_INT_CONVERSION = YES;
				CLANG_WARN_NON_LITERAL_NULL_CONVERSION = YES;
				CLANG_WARN_OBJC_IMPLICIT_RETAIN_SELF = YES;
				CLANG_WARN_OBJC_LITERAL_CONVERSION = YES;
				CLANG_WARN_OBJC_ROOT_CLASS = YES_ERROR;
				CLANG_WARN_QUOTED_INCLUDE_IN_FRAMEWORK_HEADER = YES;
				CLANG_WARN_RANGE_LOOP_ANALYSIS = YES;
				CLANG_WARN_STRICT_PROTOTYPES = YES;
				CLANG_WARN_SUSPICIOUS_MOVE = YES;
				CLANG_WARN_UNGUARDED_AVAILABILITY = YES_AGGRESSIVE;
				CLANG_WARN_UNREACHABLE_CODE = YES;
				CLANG_WARN__DUPLICATE_METHOD_MATCH = YES;
				COPY_PHASE_STRIP = NO;
				DEBUG_INFORMATION_FORMAT = "dwarf-with-dsym";
				ENABLE_NS_ASSERTIONS = NO;
				ENABLE_STRICT_OBJC_MSGSEND = YES;
				GCC_C_LANGUAGE_STANDARD = gnu11;
				GCC_NO_COMMON_BLOCKS = YES;
				GCC_WARN_64_TO_32_BIT_CONVERSION = YES;
				GCC_WARN_ABOUT_RETURN_TYPE = YES_ERROR;
				GCC_WARN_UNDECLARED_SELECTOR = YES;
				GCC_WARN_UNINITIALIZED_AUTOS = YES_AGGRESSIVE;
				GCC_WARN_UNUSED_FUNCTION = YES;
				GCC_WARN_UNUSED_VARIABLE = YES;
				IPHONEOS_DEPLOYMENT_TARGET = 15.4;
				MTL_ENABLE_DEBUG_INFO = NO;
				MTL_FAST_MATH = YES;
				SDKROOT = iphoneos;
				SWIFT_COMPILATION_MODE = wholemodule;
				SWIFT_OPTIMIZATION_LEVEL = "-O";
				VALIDATE_PRODUCT = YES;
			};
			name = Release;
		};
		0C2A469027FC982300E18E29 /* Debug */ = {
			isa = XCBuildConfiguration;
			buildSettings = {
				ASSETCATALOG_COMPILER_APPICON_NAME = AppIcon;
				ASSETCATALOG_COMPILER_GLOBAL_ACCENT_COLOR_NAME = AccentColor;
				CODE_SIGN_STYLE = Automatic;
				CURRENT_PROJECT_VERSION = 1;
				DEVELOPMENT_ASSET_PATHS = "\"three-six-five-days/Preview Content\"";
				DEVELOPMENT_TEAM = GCD2MCUEP4;
				ENABLE_PREVIEWS = YES;
				GENERATE_INFOPLIST_FILE = YES;
				INFOPLIST_KEY_UIApplicationSceneManifest_Generation = YES;
				INFOPLIST_KEY_UIApplicationSupportsIndirectInputEvents = YES;
				INFOPLIST_KEY_UILaunchScreen_Generation = YES;
				INFOPLIST_KEY_UISupportedInterfaceOrientations_iPad = "UIInterfaceOrientationPortrait UIInterfaceOrientationPortraitUpsideDown UIInterfaceOrientationLandscapeLeft UIInterfaceOrientationLandscapeRight";
				INFOPLIST_KEY_UISupportedInterfaceOrientations_iPhone = "UIInterfaceOrientationPortrait UIInterfaceOrientationLandscapeLeft UIInterfaceOrientationLandscapeRight";
				LD_RUNPATH_SEARCH_PATHS = (
					"$(inherited)",
					"@executable_path/Frameworks",
				);
				MARKETING_VERSION = 1.0;
				PRODUCT_BUNDLE_IDENTIFIER = "ru.mskr.three-six-five-days";
				PRODUCT_NAME = "$(TARGET_NAME)";
				SWIFT_EMIT_LOC_STRINGS = YES;
				SWIFT_VERSION = 5.0;
				TARGETED_DEVICE_FAMILY = "1,2";
			};
			name = Debug;
		};
		0C2A469127FC982300E18E29 /* Release */ = {
			isa = XCBuildConfiguration;
			buildSettings = {
				ASSETCATALOG_COMPILER_APPICON_NAME = AppIcon;
				ASSETCATALOG_COMPILER_GLOBAL_ACCENT_COLOR_NAME = AccentColor;
				CODE_SIGN_STYLE = Automatic;
				CURRENT_PROJECT_VERSION = 1;
				DEVELOPMENT_ASSET_PATHS = "\"three-six-five-days/Preview Content\"";
				DEVELOPMENT_TEAM = GCD2MCUEP4;
				ENABLE_PREVIEWS = YES;
				GENERATE_INFOPLIST_FILE = YES;
				INFOPLIST_KEY_UIApplicationSceneManifest_Generation = YES;
				INFOPLIST_KEY_UIApplicationSupportsIndirectInputEvents = YES;
				INFOPLIST_KEY_UILaunchScreen_Generation = YES;
				INFOPLIST_KEY_UISupportedInterfaceOrientations_iPad = "UIInterfaceOrientationPortrait UIInterfaceOrientationPortraitUpsideDown UIInterfaceOrientationLandscapeLeft UIInterfaceOrientationLandscapeRight";
				INFOPLIST_KEY_UISupportedInterfaceOrientations_iPhone = "UIInterfaceOrientationPortrait UIInterfaceOrientationLandscapeLeft UIInterfaceOrientationLandscapeRight";
				LD_RUNPATH_SEARCH_PATHS = (
					"$(inherited)",
					"@executable_path/Frameworks",
				);
				MARKETING_VERSION = 1.0;
				PRODUCT_BUNDLE_IDENTIFIER = "ru.mskr.three-six-five-days";
				PRODUCT_NAME = "$(TARGET_NAME)";
				SWIFT_EMIT_LOC_STRINGS = YES;
				SWIFT_VERSION = 5.0;
				TARGETED_DEVICE_FAMILY = "1,2";
			};
			name = Release;
		};
/* End XCBuildConfiguration section */

/* Begin XCConfigurationList section */
		0C2A467C27FC982200E18E29 /* Build configuration list for PBXProject "three-six-five-days" */ = {
			isa = XCConfigurationList;
			buildConfigurations = (
				0C2A468D27FC982300E18E29 /* Debug */,
				0C2A468E27FC982300E18E29 /* Release */,
			);
			defaultConfigurationIsVisible = 0;
			defaultConfigurationName = Release;
		};
		0C2A468F27FC982300E18E29 /* Build configuration list for PBXNativeTarget "three-six-five-days" */ = {
			isa = XCConfigurationList;
			buildConfigurations = (
				0C2A469027FC982300E18E29 /* Debug */,
				0C2A469127FC982300E18E29 /* Release */,
			);
			defaultConfigurationIsVisible = 0;
			defaultConfigurationName = Release;
		};
/* End XCConfigurationList section */
	};
	rootObject = 0C2A467927FC982200E18E29 /* Project object */;
}
