// !$*UTF8*$!
{
	archiveVersion = 1;
	classes = {
	};
	objectVersion = 55;
	objects = {

/* Begin PBXBuildFile section */
		0C1B19BF2811E2D600300A18 /* SettingsView.swift in Sources */ = {isa = PBXBuildFile; fileRef = 0C1B19BE2811E2D600300A18 /* SettingsView.swift */; };
		0C1B19C12811E4EA00300A18 /* ColorScheme.swift in Sources */ = {isa = PBXBuildFile; fileRef = 0C1B19C02811E4EA00300A18 /* ColorScheme.swift */; };
		0C1B19C32811E5DA00300A18 /* ColorSchemeView.swift in Sources */ = {isa = PBXBuildFile; fileRef = 0C1B19C22811E5DA00300A18 /* ColorSchemeView.swift */; };
		0C1B19C62811E86300300A18 /* SettingsManager.swift in Sources */ = {isa = PBXBuildFile; fileRef = 0C1B19C52811E86300300A18 /* SettingsManager.swift */; };
		0C2A468527FC982200E18E29 /* three_six_five_daysApp.swift in Sources */ = {isa = PBXBuildFile; fileRef = 0C2A468427FC982200E18E29 /* three_six_five_daysApp.swift */; };
		0C2A468727FC982200E18E29 /* ContentView.swift in Sources */ = {isa = PBXBuildFile; fileRef = 0C2A468627FC982200E18E29 /* ContentView.swift */; };
		0C2A468927FC982300E18E29 /* Assets.xcassets in Resources */ = {isa = PBXBuildFile; fileRef = 0C2A468827FC982300E18E29 /* Assets.xcassets */; };
		0C2A468C27FC982300E18E29 /* Preview Assets.xcassets in Resources */ = {isa = PBXBuildFile; fileRef = 0C2A468B27FC982300E18E29 /* Preview Assets.xcassets */; };
		0C2A469827FCAF4300E18E29 /* DotsView.swift in Sources */ = {isa = PBXBuildFile; fileRef = 0C2A469727FCAF4300E18E29 /* DotsView.swift */; };
		0C2A469B27FCAFF800E18E29 /* Date+Helpers.swift in Sources */ = {isa = PBXBuildFile; fileRef = 0C2A469A27FCAFF800E18E29 /* Date+Helpers.swift */; };
		0C2A469D27FCB65700E18E29 /* Int+Formatting.swift in Sources */ = {isa = PBXBuildFile; fileRef = 0C2A469C27FCB65700E18E29 /* Int+Formatting.swift */; };
		0C2A46A127FCBD4B00E18E29 /* DotView.swift in Sources */ = {isa = PBXBuildFile; fileRef = 0C2A46A027FCBD4B00E18E29 /* DotView.swift */; };
		0C2A46A427FCC09F00E18E29 /* CounterMode.swift in Sources */ = {isa = PBXBuildFile; fileRef = 0C2A46A327FCC09F00E18E29 /* CounterMode.swift */; };
		0C6018DE2815DE87009AB28A /* ColorSchemeManager.swift in Sources */ = {isa = PBXBuildFile; fileRef = 0C6018DD2815DE87009AB28A /* ColorSchemeManager.swift */; };
		0C6018E12815DFE7009AB28A /* ColorSchemeManager.swift in Sources */ = {isa = PBXBuildFile; fileRef = 0C6018DD2815DE87009AB28A /* ColorSchemeManager.swift */; };
		0C6018E22815DFEA009AB28A /* SettingsManager.swift in Sources */ = {isa = PBXBuildFile; fileRef = 0C1B19C52811E86300300A18 /* SettingsManager.swift */; };
		0C6018E32815E00D009AB28A /* ColorScheme.swift in Sources */ = {isa = PBXBuildFile; fileRef = 0C1B19C02811E4EA00300A18 /* ColorScheme.swift */; };
		0C783325280346F9008DFF55 /* Color+CustomColors.swift in Sources */ = {isa = PBXBuildFile; fileRef = 0C783324280346F9008DFF55 /* Color+CustomColors.swift */; };
		0C78332728034776008DFF55 /* VerticalCounterView.swift in Sources */ = {isa = PBXBuildFile; fileRef = 0C78332628034776008DFF55 /* VerticalCounterView.swift */; };
		0C78332F2803575A008DFF55 /* WidgetKit.framework in Frameworks */ = {isa = PBXBuildFile; fileRef = 0C78332E2803575A008DFF55 /* WidgetKit.framework */; };
		0C7833312803575A008DFF55 /* SwiftUI.framework in Frameworks */ = {isa = PBXBuildFile; fileRef = 0C7833302803575A008DFF55 /* SwiftUI.framework */; };
		0C7833342803575A008DFF55 /* three_six_five_widget.swift in Sources */ = {isa = PBXBuildFile; fileRef = 0C7833332803575A008DFF55 /* three_six_five_widget.swift */; };
		0C7833372803575B008DFF55 /* Assets.xcassets in Resources */ = {isa = PBXBuildFile; fileRef = 0C7833362803575B008DFF55 /* Assets.xcassets */; };
		0C7833392803575B008DFF55 /* three_six_five_widget.intentdefinition in Sources */ = {isa = PBXBuildFile; fileRef = 0C7833352803575A008DFF55 /* three_six_five_widget.intentdefinition */; };
		0C78333A2803575B008DFF55 /* three_six_five_widget.intentdefinition in Sources */ = {isa = PBXBuildFile; fileRef = 0C7833352803575A008DFF55 /* three_six_five_widget.intentdefinition */; };
		0C78333D2803575B008DFF55 /* three-six-five-widgetExtension.appex in Embed App Extensions */ = {isa = PBXBuildFile; fileRef = 0C78332C2803575A008DFF55 /* three-six-five-widgetExtension.appex */; settings = {ATTRIBUTES = (RemoveHeadersOnCopy, ); }; };
		0C78334228035886008DFF55 /* CounterMode.swift in Sources */ = {isa = PBXBuildFile; fileRef = 0C2A46A327FCC09F00E18E29 /* CounterMode.swift */; };
		0C7833432803588D008DFF55 /* VerticalCounterView.swift in Sources */ = {isa = PBXBuildFile; fileRef = 0C78332628034776008DFF55 /* VerticalCounterView.swift */; };
		0C78334428035890008DFF55 /* DotsView.swift in Sources */ = {isa = PBXBuildFile; fileRef = 0C2A469727FCAF4300E18E29 /* DotsView.swift */; };
		0C78334528035892008DFF55 /* DotView.swift in Sources */ = {isa = PBXBuildFile; fileRef = 0C2A46A027FCBD4B00E18E29 /* DotView.swift */; };
		0C7833462803589D008DFF55 /* Color+CustomColors.swift in Sources */ = {isa = PBXBuildFile; fileRef = 0C783324280346F9008DFF55 /* Color+CustomColors.swift */; };
		0C783347280359A1008DFF55 /* Int+Formatting.swift in Sources */ = {isa = PBXBuildFile; fileRef = 0C2A469C27FCB65700E18E29 /* Int+Formatting.swift */; };
		0C783348280359A5008DFF55 /* Date+Helpers.swift in Sources */ = {isa = PBXBuildFile; fileRef = 0C2A469A27FCAFF800E18E29 /* Date+Helpers.swift */; };
		0C78334A28035CD6008DFF55 /* View+Widget.swift in Sources */ = {isa = PBXBuildFile; fileRef = 0C78334928035CD6008DFF55 /* View+Widget.swift */; };
		0C78334B28035D1F008DFF55 /* View+Widget.swift in Sources */ = {isa = PBXBuildFile; fileRef = 0C78334928035CD6008DFF55 /* View+Widget.swift */; };
		0CDBEC6228047E18002DBBD6 /* HorizontalCounterView.swift in Sources */ = {isa = PBXBuildFile; fileRef = 0CDBEC6128047E18002DBBD6 /* HorizontalCounterView.swift */; };
		0CDBEC6328047E3D002DBBD6 /* HorizontalCounterView.swift in Sources */ = {isa = PBXBuildFile; fileRef = 0CDBEC6128047E18002DBBD6 /* HorizontalCounterView.swift */; };
/* End PBXBuildFile section */

/* Begin PBXContainerItemProxy section */
		0C78333B2803575B008DFF55 /* PBXContainerItemProxy */ = {
			isa = PBXContainerItemProxy;
			containerPortal = 0C2A467927FC982200E18E29 /* Project object */;
			proxyType = 1;
			remoteGlobalIDString = 0C78332B2803575A008DFF55;
			remoteInfo = "three-six-five-widgetExtension";
		};
/* End PBXContainerItemProxy section */

/* Begin PBXCopyFilesBuildPhase section */
		0C7833412803575B008DFF55 /* Embed App Extensions */ = {
			isa = PBXCopyFilesBuildPhase;
			buildActionMask = 2147483647;
			dstPath = "";
			dstSubfolderSpec = 13;
			files = (
				0C78333D2803575B008DFF55 /* three-six-five-widgetExtension.appex in Embed App Extensions */,
			);
			name = "Embed App Extensions";
			runOnlyForDeploymentPostprocessing = 0;
		};
/* End PBXCopyFilesBuildPhase section */

/* Begin PBXFileReference section */
		0C1B19BE2811E2D600300A18 /* SettingsView.swift */ = {isa = PBXFileReference; lastKnownFileType = sourcecode.swift; path = SettingsView.swift; sourceTree = "<group>"; };
		0C1B19C02811E4EA00300A18 /* ColorScheme.swift */ = {isa = PBXFileReference; lastKnownFileType = sourcecode.swift; path = ColorScheme.swift; sourceTree = "<group>"; };
		0C1B19C22811E5DA00300A18 /* ColorSchemeView.swift */ = {isa = PBXFileReference; lastKnownFileType = sourcecode.swift; path = ColorSchemeView.swift; sourceTree = "<group>"; };
		0C1B19C52811E86300300A18 /* SettingsManager.swift */ = {isa = PBXFileReference; lastKnownFileType = sourcecode.swift; path = SettingsManager.swift; sourceTree = "<group>"; };
		0C2A468127FC982200E18E29 /* 365days.app */ = {isa = PBXFileReference; explicitFileType = wrapper.application; includeInIndex = 0; path = 365days.app; sourceTree = BUILT_PRODUCTS_DIR; };
		0C2A468427FC982200E18E29 /* three_six_five_daysApp.swift */ = {isa = PBXFileReference; lastKnownFileType = sourcecode.swift; path = three_six_five_daysApp.swift; sourceTree = "<group>"; };
		0C2A468627FC982200E18E29 /* ContentView.swift */ = {isa = PBXFileReference; lastKnownFileType = sourcecode.swift; path = ContentView.swift; sourceTree = "<group>"; };
		0C2A468827FC982300E18E29 /* Assets.xcassets */ = {isa = PBXFileReference; lastKnownFileType = folder.assetcatalog; path = Assets.xcassets; sourceTree = "<group>"; };
		0C2A468B27FC982300E18E29 /* Preview Assets.xcassets */ = {isa = PBXFileReference; lastKnownFileType = folder.assetcatalog; path = "Preview Assets.xcassets"; sourceTree = "<group>"; };
		0C2A469727FCAF4300E18E29 /* DotsView.swift */ = {isa = PBXFileReference; lastKnownFileType = sourcecode.swift; path = DotsView.swift; sourceTree = "<group>"; };
		0C2A469A27FCAFF800E18E29 /* Date+Helpers.swift */ = {isa = PBXFileReference; lastKnownFileType = sourcecode.swift; path = "Date+Helpers.swift"; sourceTree = "<group>"; };
		0C2A469C27FCB65700E18E29 /* Int+Formatting.swift */ = {isa = PBXFileReference; lastKnownFileType = sourcecode.swift; path = "Int+Formatting.swift"; sourceTree = "<group>"; };
		0C2A46A027FCBD4B00E18E29 /* DotView.swift */ = {isa = PBXFileReference; lastKnownFileType = sourcecode.swift; path = DotView.swift; sourceTree = "<group>"; };
		0C2A46A327FCC09F00E18E29 /* CounterMode.swift */ = {isa = PBXFileReference; lastKnownFileType = sourcecode.swift; path = CounterMode.swift; sourceTree = "<group>"; };
		0C6018DD2815DE87009AB28A /* ColorSchemeManager.swift */ = {isa = PBXFileReference; lastKnownFileType = sourcecode.swift; path = ColorSchemeManager.swift; sourceTree = "<group>"; };
		0C6018E52815E10B009AB28A /* three-six-five-days.entitlements */ = {isa = PBXFileReference; lastKnownFileType = text.plist.entitlements; path = "three-six-five-days.entitlements"; sourceTree = "<group>"; };
		0C6018E62815E126009AB28A /* three-six-five-widgetExtension.entitlements */ = {isa = PBXFileReference; lastKnownFileType = text.plist.entitlements; path = "three-six-five-widgetExtension.entitlements"; sourceTree = "<group>"; };
		0C783323280340E0008DFF55 /* Info.plist */ = {isa = PBXFileReference; lastKnownFileType = text.plist; path = Info.plist; sourceTree = "<group>"; };
		0C783324280346F9008DFF55 /* Color+CustomColors.swift */ = {isa = PBXFileReference; lastKnownFileType = sourcecode.swift; path = "Color+CustomColors.swift"; sourceTree = "<group>"; };
		0C78332628034776008DFF55 /* VerticalCounterView.swift */ = {isa = PBXFileReference; lastKnownFileType = sourcecode.swift; path = VerticalCounterView.swift; sourceTree = "<group>"; };
		0C78332C2803575A008DFF55 /* three-six-five-widgetExtension.appex */ = {isa = PBXFileReference; explicitFileType = "wrapper.app-extension"; includeInIndex = 0; path = "three-six-five-widgetExtension.appex"; sourceTree = BUILT_PRODUCTS_DIR; };
		0C78332E2803575A008DFF55 /* WidgetKit.framework */ = {isa = PBXFileReference; lastKnownFileType = wrapper.framework; name = WidgetKit.framework; path = System/Library/Frameworks/WidgetKit.framework; sourceTree = SDKROOT; };
		0C7833302803575A008DFF55 /* SwiftUI.framework */ = {isa = PBXFileReference; lastKnownFileType = wrapper.framework; name = SwiftUI.framework; path = System/Library/Frameworks/SwiftUI.framework; sourceTree = SDKROOT; };
		0C7833332803575A008DFF55 /* three_six_five_widget.swift */ = {isa = PBXFileReference; lastKnownFileType = sourcecode.swift; path = three_six_five_widget.swift; sourceTree = "<group>"; };
		0C7833352803575A008DFF55 /* three_six_five_widget.intentdefinition */ = {isa = PBXFileReference; lastKnownFileType = file.intentdefinition; path = three_six_five_widget.intentdefinition; sourceTree = "<group>"; };
		0C7833362803575B008DFF55 /* Assets.xcassets */ = {isa = PBXFileReference; lastKnownFileType = folder.assetcatalog; path = Assets.xcassets; sourceTree = "<group>"; };
		0C7833382803575B008DFF55 /* Info.plist */ = {isa = PBXFileReference; lastKnownFileType = text.plist.xml; path = Info.plist; sourceTree = "<group>"; };
		0C78334928035CD6008DFF55 /* View+Widget.swift */ = {isa = PBXFileReference; lastKnownFileType = sourcecode.swift; path = "View+Widget.swift"; sourceTree = "<group>"; };
		0CDBEC6128047E18002DBBD6 /* HorizontalCounterView.swift */ = {isa = PBXFileReference; lastKnownFileType = sourcecode.swift; path = HorizontalCounterView.swift; sourceTree = "<group>"; };
/* End PBXFileReference section */

/* Begin PBXFrameworksBuildPhase section */
		0C2A467E27FC982200E18E29 /* Frameworks */ = {
			isa = PBXFrameworksBuildPhase;
			buildActionMask = 2147483647;
			files = (
			);
			runOnlyForDeploymentPostprocessing = 0;
		};
		0C7833292803575A008DFF55 /* Frameworks */ = {
			isa = PBXFrameworksBuildPhase;
			buildActionMask = 2147483647;
			files = (
				0C7833312803575A008DFF55 /* SwiftUI.framework in Frameworks */,
				0C78332F2803575A008DFF55 /* WidgetKit.framework in Frameworks */,
			);
			runOnlyForDeploymentPostprocessing = 0;
		};
/* End PBXFrameworksBuildPhase section */

/* Begin PBXGroup section */
		0C1B19C42811E85400300A18 /* Managers */ = {
			isa = PBXGroup;
			children = (
				0C6018DD2815DE87009AB28A /* ColorSchemeManager.swift */,
				0C1B19C52811E86300300A18 /* SettingsManager.swift */,
			);
			path = Managers;
			sourceTree = "<group>";
		};
		0C2A467827FC982200E18E29 = {
			isa = PBXGroup;
			children = (
				0C6018E62815E126009AB28A /* three-six-five-widgetExtension.entitlements */,
				0C2A468327FC982200E18E29 /* three-six-five-days */,
				0C7833322803575A008DFF55 /* three-six-five-widget */,
				0C78332D2803575A008DFF55 /* Frameworks */,
				0C2A468227FC982200E18E29 /* Products */,
			);
			sourceTree = "<group>";
		};
		0C2A468227FC982200E18E29 /* Products */ = {
			isa = PBXGroup;
			children = (
				0C2A468127FC982200E18E29 /* 365days.app */,
				0C78332C2803575A008DFF55 /* three-six-five-widgetExtension.appex */,
			);
			name = Products;
			sourceTree = "<group>";
		};
		0C2A468327FC982200E18E29 /* three-six-five-days */ = {
			isa = PBXGroup;
			children = (
				0C6018E52815E10B009AB28A /* three-six-five-days.entitlements */,
				0C783323280340E0008DFF55 /* Info.plist */,
				0C2A468427FC982200E18E29 /* three_six_five_daysApp.swift */,
				0C2A468627FC982200E18E29 /* ContentView.swift */,
				0C1B19BE2811E2D600300A18 /* SettingsView.swift */,
				0C2A469227FC987C00E18E29 /* Views */,
				0C2A46A227FCC09500E18E29 /* Models */,
				0C1B19C42811E85400300A18 /* Managers */,
				0C2A469927FCAFED00E18E29 /* Extensions */,
				0C2A468827FC982300E18E29 /* Assets.xcassets */,
				0C2A468A27FC982300E18E29 /* Preview Content */,
			);
			path = "three-six-five-days";
			sourceTree = "<group>";
		};
		0C2A468A27FC982300E18E29 /* Preview Content */ = {
			isa = PBXGroup;
			children = (
				0C2A468B27FC982300E18E29 /* Preview Assets.xcassets */,
			);
			path = "Preview Content";
			sourceTree = "<group>";
		};
		0C2A469227FC987C00E18E29 /* Views */ = {
			isa = PBXGroup;
			children = (
				0C78332628034776008DFF55 /* VerticalCounterView.swift */,
				0CDBEC6128047E18002DBBD6 /* HorizontalCounterView.swift */,
				0C2A469727FCAF4300E18E29 /* DotsView.swift */,
				0C2A46A027FCBD4B00E18E29 /* DotView.swift */,
				0C1B19C22811E5DA00300A18 /* ColorSchemeView.swift */,
			);
			path = Views;
			sourceTree = "<group>";
		};
		0C2A469927FCAFED00E18E29 /* Extensions */ = {
			isa = PBXGroup;
			children = (
				0C2A469A27FCAFF800E18E29 /* Date+Helpers.swift */,
				0C78334928035CD6008DFF55 /* View+Widget.swift */,
				0C2A469C27FCB65700E18E29 /* Int+Formatting.swift */,
				0C783324280346F9008DFF55 /* Color+CustomColors.swift */,
			);
			path = Extensions;
			sourceTree = "<group>";
		};
		0C2A46A227FCC09500E18E29 /* Models */ = {
			isa = PBXGroup;
			children = (
				0C2A46A327FCC09F00E18E29 /* CounterMode.swift */,
				0C1B19C02811E4EA00300A18 /* ColorScheme.swift */,
			);
			path = Models;
			sourceTree = "<group>";
		};
		0C78332D2803575A008DFF55 /* Frameworks */ = {
			isa = PBXGroup;
			children = (
				0C78332E2803575A008DFF55 /* WidgetKit.framework */,
				0C7833302803575A008DFF55 /* SwiftUI.framework */,
			);
			name = Frameworks;
			sourceTree = "<group>";
		};
		0C7833322803575A008DFF55 /* three-six-five-widget */ = {
			isa = PBXGroup;
			children = (
				0C7833332803575A008DFF55 /* three_six_five_widget.swift */,
				0C7833352803575A008DFF55 /* three_six_five_widget.intentdefinition */,
				0C7833362803575B008DFF55 /* Assets.xcassets */,
				0C7833382803575B008DFF55 /* Info.plist */,
			);
			path = "three-six-five-widget";
			sourceTree = "<group>";
		};
/* End PBXGroup section */

/* Begin PBXNativeTarget section */
		0C2A468027FC982200E18E29 /* three-six-five-days */ = {
			isa = PBXNativeTarget;
			buildConfigurationList = 0C2A468F27FC982300E18E29 /* Build configuration list for PBXNativeTarget "three-six-five-days" */;
			buildPhases = (
				0C2A467D27FC982200E18E29 /* Sources */,
				0C2A467E27FC982200E18E29 /* Frameworks */,
				0C2A467F27FC982200E18E29 /* Resources */,
				0C7833412803575B008DFF55 /* Embed App Extensions */,
			);
			buildRules = (
			);
			dependencies = (
				0C78333C2803575B008DFF55 /* PBXTargetDependency */,
			);
			name = "three-six-five-days";
			packageProductDependencies = (
			);
			productName = "three-six-five-days";
			productReference = 0C2A468127FC982200E18E29 /* 365days.app */;
			productType = "com.apple.product-type.application";
		};
		0C78332B2803575A008DFF55 /* three-six-five-widgetExtension */ = {
			isa = PBXNativeTarget;
			buildConfigurationList = 0C78333E2803575B008DFF55 /* Build configuration list for PBXNativeTarget "three-six-five-widgetExtension" */;
			buildPhases = (
				0C7833282803575A008DFF55 /* Sources */,
				0C7833292803575A008DFF55 /* Frameworks */,
				0C78332A2803575A008DFF55 /* Resources */,
			);
			buildRules = (
			);
			dependencies = (
			);
			name = "three-six-five-widgetExtension";
			productName = "three-six-five-widgetExtension";
			productReference = 0C78332C2803575A008DFF55 /* three-six-five-widgetExtension.appex */;
			productType = "com.apple.product-type.app-extension";
		};
/* End PBXNativeTarget section */

/* Begin PBXProject section */
		0C2A467927FC982200E18E29 /* Project object */ = {
			isa = PBXProject;
			attributes = {
				BuildIndependentTargetsInParallel = 1;
				LastSwiftUpdateCheck = 1330;
				LastUpgradeCheck = 1330;
				TargetAttributes = {
					0C2A468027FC982200E18E29 = {
						CreatedOnToolsVersion = 13.3;
					};
					0C78332B2803575A008DFF55 = {
						CreatedOnToolsVersion = 13.3;
					};
				};
			};
			buildConfigurationList = 0C2A467C27FC982200E18E29 /* Build configuration list for PBXProject "three-six-five-days" */;
			compatibilityVersion = "Xcode 13.0";
			developmentRegion = en;
			hasScannedForEncodings = 0;
			knownRegions = (
				en,
				Base,
			);
			mainGroup = 0C2A467827FC982200E18E29;
			packageReferences = (
			);
			productRefGroup = 0C2A468227FC982200E18E29 /* Products */;
			projectDirPath = "";
			projectRoot = "";
			targets = (
				0C2A468027FC982200E18E29 /* three-six-five-days */,
				0C78332B2803575A008DFF55 /* three-six-five-widgetExtension */,
			);
		};
/* End PBXProject section */

/* Begin PBXResourcesBuildPhase section */
		0C2A467F27FC982200E18E29 /* Resources */ = {
			isa = PBXResourcesBuildPhase;
			buildActionMask = 2147483647;
			files = (
				0C2A468C27FC982300E18E29 /* Preview Assets.xcassets in Resources */,
				0C2A468927FC982300E18E29 /* Assets.xcassets in Resources */,
			);
			runOnlyForDeploymentPostprocessing = 0;
		};
		0C78332A2803575A008DFF55 /* Resources */ = {
			isa = PBXResourcesBuildPhase;
			buildActionMask = 2147483647;
			files = (
				0C7833372803575B008DFF55 /* Assets.xcassets in Resources */,
			);
			runOnlyForDeploymentPostprocessing = 0;
		};
/* End PBXResourcesBuildPhase section */

/* Begin PBXSourcesBuildPhase section */
		0C2A467D27FC982200E18E29 /* Sources */ = {
			isa = PBXSourcesBuildPhase;
			buildActionMask = 2147483647;
			files = (
				0C1B19C62811E86300300A18 /* SettingsManager.swift in Sources */,
				0C2A469D27FCB65700E18E29 /* Int+Formatting.swift in Sources */,
				0C2A46A127FCBD4B00E18E29 /* DotView.swift in Sources */,
				0C78333A2803575B008DFF55 /* three_six_five_widget.intentdefinition in Sources */,
				0C6018DE2815DE87009AB28A /* ColorSchemeManager.swift in Sources */,
				0CDBEC6228047E18002DBBD6 /* HorizontalCounterView.swift in Sources */,
				0C783325280346F9008DFF55 /* Color+CustomColors.swift in Sources */,
				0C2A468727FC982200E18E29 /* ContentView.swift in Sources */,
				0C78334A28035CD6008DFF55 /* View+Widget.swift in Sources */,
				0C2A46A427FCC09F00E18E29 /* CounterMode.swift in Sources */,
				0C2A469827FCAF4300E18E29 /* DotsView.swift in Sources */,
				0C1B19C32811E5DA00300A18 /* ColorSchemeView.swift in Sources */,
				0C2A468527FC982200E18E29 /* three_six_five_daysApp.swift in Sources */,
				0C1B19C12811E4EA00300A18 /* ColorScheme.swift in Sources */,
				0C2A469B27FCAFF800E18E29 /* Date+Helpers.swift in Sources */,
				0C78332728034776008DFF55 /* VerticalCounterView.swift in Sources */,
				0C1B19BF2811E2D600300A18 /* SettingsView.swift in Sources */,
			);
			runOnlyForDeploymentPostprocessing = 0;
		};
		0C7833282803575A008DFF55 /* Sources */ = {
			isa = PBXSourcesBuildPhase;
			buildActionMask = 2147483647;
			files = (
				0C78334B28035D1F008DFF55 /* View+Widget.swift in Sources */,
				0C6018E22815DFEA009AB28A /* SettingsManager.swift in Sources */,
				0C783347280359A1008DFF55 /* Int+Formatting.swift in Sources */,
				0C783348280359A5008DFF55 /* Date+Helpers.swift in Sources */,
				0C7833392803575B008DFF55 /* three_six_five_widget.intentdefinition in Sources */,
				0C78334428035890008DFF55 /* DotsView.swift in Sources */,
				0C78334528035892008DFF55 /* DotView.swift in Sources */,
				0C6018E12815DFE7009AB28A /* ColorSchemeManager.swift in Sources */,
				0C7833462803589D008DFF55 /* Color+CustomColors.swift in Sources */,
				0CDBEC6328047E3D002DBBD6 /* HorizontalCounterView.swift in Sources */,
				0C6018E32815E00D009AB28A /* ColorScheme.swift in Sources */,
				0C7833342803575A008DFF55 /* three_six_five_widget.swift in Sources */,
				0C78334228035886008DFF55 /* CounterMode.swift in Sources */,
				0C7833432803588D008DFF55 /* VerticalCounterView.swift in Sources */,
			);
			runOnlyForDeploymentPostprocessing = 0;
		};
/* End PBXSourcesBuildPhase section */

/* Begin PBXTargetDependency section */
		0C78333C2803575B008DFF55 /* PBXTargetDependency */ = {
			isa = PBXTargetDependency;
			target = 0C78332B2803575A008DFF55 /* three-six-five-widgetExtension */;
			targetProxy = 0C78333B2803575B008DFF55 /* PBXContainerItemProxy */;
		};
/* End PBXTargetDependency section */

/* Begin XCBuildConfiguration section */
		0C2A468D27FC982300E18E29 /* Debug */ = {
			isa = XCBuildConfiguration;
			buildSettings = {
				ALWAYS_SEARCH_USER_PATHS = NO;
				CLANG_ANALYZER_NONNULL = YES;
				CLANG_ANALYZER_NUMBER_OBJECT_CONVERSION = YES_AGGRESSIVE;
				CLANG_CXX_LANGUAGE_STANDARD = "gnu++17";
				CLANG_ENABLE_MODULES = YES;
				CLANG_ENABLE_OBJC_ARC = YES;
				CLANG_ENABLE_OBJC_WEAK = YES;
				CLANG_WARN_BLOCK_CAPTURE_AUTORELEASING = YES;
				CLANG_WARN_BOOL_CONVERSION = YES;
				CLANG_WARN_COMMA = YES;
				CLANG_WARN_CONSTANT_CONVERSION = YES;
				CLANG_WARN_DEPRECATED_OBJC_IMPLEMENTATIONS = YES;
				CLANG_WARN_DIRECT_OBJC_ISA_USAGE = YES_ERROR;
				CLANG_WARN_DOCUMENTATION_COMMENTS = YES;
				CLANG_WARN_EMPTY_BODY = YES;
				CLANG_WARN_ENUM_CONVERSION = YES;
				CLANG_WARN_INFINITE_RECURSION = YES;
				CLANG_WARN_INT_CONVERSION = YES;
				CLANG_WARN_NON_LITERAL_NULL_CONVERSION = YES;
				CLANG_WARN_OBJC_IMPLICIT_RETAIN_SELF = YES;
				CLANG_WARN_OBJC_LITERAL_CONVERSION = YES;
				CLANG_WARN_OBJC_ROOT_CLASS = YES_ERROR;
				CLANG_WARN_QUOTED_INCLUDE_IN_FRAMEWORK_HEADER = YES;
				CLANG_WARN_RANGE_LOOP_ANALYSIS = YES;
				CLANG_WARN_STRICT_PROTOTYPES = YES;
				CLANG_WARN_SUSPICIOUS_MOVE = YES;
				CLANG_WARN_UNGUARDED_AVAILABILITY = YES_AGGRESSIVE;
				CLANG_WARN_UNREACHABLE_CODE = YES;
				CLANG_WARN__DUPLICATE_METHOD_MATCH = YES;
				COPY_PHASE_STRIP = NO;
				DEBUG_INFORMATION_FORMAT = dwarf;
				ENABLE_STRICT_OBJC_MSGSEND = YES;
				ENABLE_TESTABILITY = YES;
				GCC_C_LANGUAGE_STANDARD = gnu11;
				GCC_DYNAMIC_NO_PIC = NO;
				GCC_NO_COMMON_BLOCKS = YES;
				GCC_OPTIMIZATION_LEVEL = 0;
				GCC_PREPROCESSOR_DEFINITIONS = (
					"DEBUG=1",
					"$(inherited)",
				);
				GCC_WARN_64_TO_32_BIT_CONVERSION = YES;
				GCC_WARN_ABOUT_RETURN_TYPE = YES_ERROR;
				GCC_WARN_UNDECLARED_SELECTOR = YES;
				GCC_WARN_UNINITIALIZED_AUTOS = YES_AGGRESSIVE;
				GCC_WARN_UNUSED_FUNCTION = YES;
				GCC_WARN_UNUSED_VARIABLE = YES;
				IPHONEOS_DEPLOYMENT_TARGET = 15.4;
				MTL_ENABLE_DEBUG_INFO = INCLUDE_SOURCE;
				MTL_FAST_MATH = YES;
				ONLY_ACTIVE_ARCH = YES;
				SDKROOT = iphoneos;
				SWIFT_ACTIVE_COMPILATION_CONDITIONS = DEBUG;
				SWIFT_OPTIMIZATION_LEVEL = "-Onone";
			};
			name = Debug;
		};
		0C2A468E27FC982300E18E29 /* Release */ = {
			isa = XCBuildConfiguration;
			buildSettings = {
				ALWAYS_SEARCH_USER_PATHS = NO;
				CLANG_ANALYZER_NONNULL = YES;
				CLANG_ANALYZER_NUMBER_OBJECT_CONVERSION = YES_AGGRESSIVE;
				CLANG_CXX_LANGUAGE_STANDARD = "gnu++17";
				CLANG_ENABLE_MODULES = YES;
				CLANG_ENABLE_OBJC_ARC = YES;
				CLANG_ENABLE_OBJC_WEAK = YES;
				CLANG_WARN_BLOCK_CAPTURE_AUTORELEASING = YES;
				CLANG_WARN_BOOL_CONVERSION = YES;
				CLANG_WARN_COMMA = YES;
				CLANG_WARN_CONSTANT_CONVERSION = YES;
				CLANG_WARN_DEPRECATED_OBJC_IMPLEMENTATIONS = YES;
				CLANG_WARN_DIRECT_OBJC_ISA_USAGE = YES_ERROR;
				CLANG_WARN_DOCUMENTATION_COMMENTS = YES;
				CLANG_WARN_EMPTY_BODY = YES;
				CLANG_WARN_ENUM_CONVERSION = YES;
				CLANG_WARN_INFINITE_RECURSION = YES;
				CLANG_WARN_INT_CONVERSION = YES;
				CLANG_WARN_NON_LITERAL_NULL_CONVERSION = YES;
				CLANG_WARN_OBJC_IMPLICIT_RETAIN_SELF = YES;
				CLANG_WARN_OBJC_LITERAL_CONVERSION = YES;
				CLANG_WARN_OBJC_ROOT_CLASS = YES_ERROR;
				CLANG_WARN_QUOTED_INCLUDE_IN_FRAMEWORK_HEADER = YES;
				CLANG_WARN_RANGE_LOOP_ANALYSIS = YES;
				CLANG_WARN_STRICT_PROTOTYPES = YES;
				CLANG_WARN_SUSPICIOUS_MOVE = YES;
				CLANG_WARN_UNGUARDED_AVAILABILITY = YES_AGGRESSIVE;
				CLANG_WARN_UNREACHABLE_CODE = YES;
				CLANG_WARN__DUPLICATE_METHOD_MATCH = YES;
				COPY_PHASE_STRIP = NO;
				DEBUG_INFORMATION_FORMAT = "dwarf-with-dsym";
				ENABLE_NS_ASSERTIONS = NO;
				ENABLE_STRICT_OBJC_MSGSEND = YES;
				GCC_C_LANGUAGE_STANDARD = gnu11;
				GCC_NO_COMMON_BLOCKS = YES;
				GCC_WARN_64_TO_32_BIT_CONVERSION = YES;
				GCC_WARN_ABOUT_RETURN_TYPE = YES_ERROR;
				GCC_WARN_UNDECLARED_SELECTOR = YES;
				GCC_WARN_UNINITIALIZED_AUTOS = YES_AGGRESSIVE;
				GCC_WARN_UNUSED_FUNCTION = YES;
				GCC_WARN_UNUSED_VARIABLE = YES;
				IPHONEOS_DEPLOYMENT_TARGET = 15.4;
				MTL_ENABLE_DEBUG_INFO = NO;
				MTL_FAST_MATH = YES;
				SDKROOT = iphoneos;
				SWIFT_COMPILATION_MODE = wholemodule;
				SWIFT_OPTIMIZATION_LEVEL = "-O";
				VALIDATE_PRODUCT = YES;
			};
			name = Release;
		};
		0C2A469027FC982300E18E29 /* Debug */ = {
			isa = XCBuildConfiguration;
			buildSettings = {
				ALWAYS_EMBED_SWIFT_STANDARD_LIBRARIES = YES;
				ASSETCATALOG_COMPILER_APPICON_NAME = AppIcon;
				ASSETCATALOG_COMPILER_GLOBAL_ACCENT_COLOR_NAME = AccentColor;
				CODE_SIGN_ENTITLEMENTS = "three-six-five-days/three-six-five-days.entitlements";
				CODE_SIGN_STYLE = Automatic;
				CURRENT_PROJECT_VERSION = 1;
				DEVELOPMENT_ASSET_PATHS = "\"three-six-five-days/Preview Content\"";
				DEVELOPMENT_TEAM = GCD2MCUEP4;
				ENABLE_PREVIEWS = YES;
				GENERATE_INFOPLIST_FILE = YES;
				INFOPLIST_FILE = "three-six-five-days/Info.plist";
				INFOPLIST_KEY_CFBundleDisplayName = 365days;
				INFOPLIST_KEY_UIApplicationSupportsIndirectInputEvents = YES;
				INFOPLIST_KEY_UILaunchScreen_Generation = YES;
				INFOPLIST_KEY_UISupportedInterfaceOrientations = UIInterfaceOrientationPortrait;
				INFOPLIST_KEY_UISupportedInterfaceOrientations_iPad = "UIInterfaceOrientationPortrait UIInterfaceOrientationPortraitUpsideDown UIInterfaceOrientationLandscapeLeft UIInterfaceOrientationLandscapeRight";
				INFOPLIST_KEY_UISupportedInterfaceOrientations_iPhone = "UIInterfaceOrientationPortrait UIInterfaceOrientationLandscapeLeft UIInterfaceOrientationLandscapeRight";
				IPHONEOS_DEPLOYMENT_TARGET = 14.0;
				LD_RUNPATH_SEARCH_PATHS = (
					"$(inherited)",
					"@executable_path/Frameworks",
				);
				MARKETING_VERSION = 1.0.1;
				PRODUCT_BUNDLE_IDENTIFIER = "ru.mskr.three-six-five-days";
				PRODUCT_NAME = 365days;
				SWIFT_EMIT_LOC_STRINGS = YES;
				SWIFT_VERSION = 5.0;
				TARGETED_DEVICE_FAMILY = "1,2";
			};
			name = Debug;
		};
		0C2A469127FC982300E18E29 /* Release */ = {
			isa = XCBuildConfiguration;
			buildSettings = {
				ALWAYS_EMBED_SWIFT_STANDARD_LIBRARIES = YES;
				ASSETCATALOG_COMPILER_APPICON_NAME = AppIcon;
				ASSETCATALOG_COMPILER_GLOBAL_ACCENT_COLOR_NAME = AccentColor;
				CODE_SIGN_ENTITLEMENTS = "three-six-five-days/three-six-five-days.entitlements";
				CODE_SIGN_STYLE = Automatic;
				CURRENT_PROJECT_VERSION = 1;
				DEVELOPMENT_ASSET_PATHS = "\"three-six-five-days/Preview Content\"";
				DEVELOPMENT_TEAM = GCD2MCUEP4;
				ENABLE_PREVIEWS = YES;
				GENERATE_INFOPLIST_FILE = YES;
				INFOPLIST_FILE = "three-six-five-days/Info.plist";
				INFOPLIST_KEY_CFBundleDisplayName = 365days;
				INFOPLIST_KEY_UIApplicationSupportsIndirectInputEvents = YES;
				INFOPLIST_KEY_UILaunchScreen_Generation = YES;
				INFOPLIST_KEY_UISupportedInterfaceOrientations = UIInterfaceOrientationPortrait;
				INFOPLIST_KEY_UISupportedInterfaceOrientations_iPad = "UIInterfaceOrientationPortrait UIInterfaceOrientationPortraitUpsideDown UIInterfaceOrientationLandscapeLeft UIInterfaceOrientationLandscapeRight";
				INFOPLIST_KEY_UISupportedInterfaceOrientations_iPhone = "UIInterfaceOrientationPortrait UIInterfaceOrientationLandscapeLeft UIInterfaceOrientationLandscapeRight";
				IPHONEOS_DEPLOYMENT_TARGET = 14.0;
				LD_RUNPATH_SEARCH_PATHS = (
					"$(inherited)",
					"@executable_path/Frameworks",
				);
				MARKETING_VERSION = 1.0.1;
				PRODUCT_BUNDLE_IDENTIFIER = "ru.mskr.three-six-five-days";
				PRODUCT_NAME = 365days;
				SWIFT_EMIT_LOC_STRINGS = YES;
				SWIFT_VERSION = 5.0;
				TARGETED_DEVICE_FAMILY = "1,2";
			};
			name = Release;
		};
		0C78333F2803575B008DFF55 /* Debug */ = {
			isa = XCBuildConfiguration;
			buildSettings = {
				ASSETCATALOG_COMPILER_GLOBAL_ACCENT_COLOR_NAME = AccentColor;
				ASSETCATALOG_COMPILER_WIDGET_BACKGROUND_COLOR_NAME = WidgetBackground;
				CODE_SIGN_ENTITLEMENTS = "three-six-five-widgetExtension.entitlements";
				CODE_SIGN_STYLE = Automatic;
				CURRENT_PROJECT_VERSION = 1;
				DEVELOPMENT_TEAM = GCD2MCUEP4;
				GENERATE_INFOPLIST_FILE = YES;
				INFOPLIST_FILE = "three-six-five-widget/Info.plist";
				INFOPLIST_KEY_CFBundleDisplayName = "three-six-five-widget";
				INFOPLIST_KEY_NSHumanReadableCopyright = "";
				IPHONEOS_DEPLOYMENT_TARGET = 14.0;
				LD_RUNPATH_SEARCH_PATHS = (
					"$(inherited)",
					"@executable_path/Frameworks",
					"@executable_path/../../Frameworks",
				);
				MARKETING_VERSION = 1.0.1;
				PRODUCT_BUNDLE_IDENTIFIER = "ru.mskr.three-six-five-days.three-six-five-widget";
				PRODUCT_NAME = "$(TARGET_NAME)";
				SKIP_INSTALL = YES;
				SWIFT_EMIT_LOC_STRINGS = YES;
				SWIFT_VERSION = 5.0;
				TARGETED_DEVICE_FAMILY = "1,2";
			};
			name = Debug;
		};
		0C7833402803575B008DFF55 /* Release */ = {
			isa = XCBuildConfiguration;
			buildSettings = {
				ASSETCATALOG_COMPILER_GLOBAL_ACCENT_COLOR_NAME = AccentColor;
				ASSETCATALOG_COMPILER_WIDGET_BACKGROUND_COLOR_NAME = WidgetBackground;
				CODE_SIGN_ENTITLEMENTS = "three-six-five-widgetExtension.entitlements";
				CODE_SIGN_STYLE = Automatic;
				CURRENT_PROJECT_VERSION = 1;
				DEVELOPMENT_TEAM = GCD2MCUEP4;
				GENERATE_INFOPLIST_FILE = YES;
				INFOPLIST_FILE = "three-six-five-widget/Info.plist";
				INFOPLIST_KEY_CFBundleDisplayName = "three-six-five-widget";
				INFOPLIST_KEY_NSHumanReadableCopyright = "";
				IPHONEOS_DEPLOYMENT_TARGET = 14.0;
				LD_RUNPATH_SEARCH_PATHS = (
					"$(inherited)",
					"@executable_path/Frameworks",
					"@executable_path/../../Frameworks",
				);
				MARKETING_VERSION = 1.0.1;
				PRODUCT_BUNDLE_IDENTIFIER = "ru.mskr.three-six-five-days.three-six-five-widget";
				PRODUCT_NAME = "$(TARGET_NAME)";
				SKIP_INSTALL = YES;
				SWIFT_EMIT_LOC_STRINGS = YES;
				SWIFT_VERSION = 5.0;
				TARGETED_DEVICE_FAMILY = "1,2";
			};
			name = Release;
		};
/* End XCBuildConfiguration section */

/* Begin XCConfigurationList section */
		0C2A467C27FC982200E18E29 /* Build configuration list for PBXProject "three-six-five-days" */ = {
			isa = XCConfigurationList;
			buildConfigurations = (
				0C2A468D27FC982300E18E29 /* Debug */,
				0C2A468E27FC982300E18E29 /* Release */,
			);
			defaultConfigurationIsVisible = 0;
			defaultConfigurationName = Release;
		};
		0C2A468F27FC982300E18E29 /* Build configuration list for PBXNativeTarget "three-six-five-days" */ = {
			isa = XCConfigurationList;
			buildConfigurations = (
				0C2A469027FC982300E18E29 /* Debug */,
				0C2A469127FC982300E18E29 /* Release */,
			);
			defaultConfigurationIsVisible = 0;
			defaultConfigurationName = Release;
		};
		0C78333E2803575B008DFF55 /* Build configuration list for PBXNativeTarget "three-six-five-widgetExtension" */ = {
			isa = XCConfigurationList;
			buildConfigurations = (
				0C78333F2803575B008DFF55 /* Debug */,
				0C7833402803575B008DFF55 /* Release */,
			);
			defaultConfigurationIsVisible = 0;
			defaultConfigurationName = Release;
		};
/* End XCConfigurationList section */
	};
	rootObject = 0C2A467927FC982200E18E29 /* Project object */;
}
