{
  "pins" : [
    {
      "identity" : "devcred-ios",
      "kind" : "remoteSourceControl",
      "location" : "https://github.com/moridaffy/devcred-ios",
      "state" : {
        "revision" : "dbdbe087ab78ab64e6166b54f07e49038c83faf4",
        "version" : "1.0.1"
      }
    },
    {
      "identity" : "kingfisher",
      "kind" : "remoteSourceControl",
      "location" : "https://github.com/onevcat/Kingfisher",
      "state" : {
        "revision" : "c75584ac759cbb16b204d0a7de3ebf53ea6b304d",
        "version" : "7.9.0"
      }
    }
  ],
  "version" : 2
}
